
Microsoft Visual Studio Solution File, Format Version 12.00
# Visual Studio Version 17
VisualStudioVersion = 17.13.35806.99 d17.13
MinimumVisualStudioVersion = 10.0.40219.1
Project("{FAE04EC0-301F-11D3-BF4B-00C04F79EFBC}") = "AgeApp", "AgeApp.csproj", "{5E9FEBEF-9310-4EC0-A703-DA9B955B3B23}"
EndProject
Global
	GlobalSection(SolutionConfigurationPlatforms) = preSolution
		Debug|Any CPU = Debug|Any CPU
		Release|Any CPU = Release|Any CPU
	EndGlobalSection
	GlobalSection(ProjectConfigurationPlatforms) = postSolution
		{5E9FEBEF-9310-4EC0-A703-DA9B955B3B23}.Debug|Any CPU.ActiveCfg = Debug|Any CPU
		{5E9FEBEF-9310-4EC0-A703-DA9B955B3B23}.Debug|Any CPU.Build.0 = Debug|Any CPU
		{5E9FEBEF-9310-4EC0-A703-DA9B955B3B23}.Release|Any CPU.ActiveCfg = Release|Any CPU
		{5E9FEBEF-9310-4EC0-A703-DA9B955B3B23}.Release|Any CPU.Build.0 = Release|Any CPU
	EndGlobalSection
	GlobalSection(SolutionProperties) = preSolution
		HideSolutionNode = FALSE
	EndGlobalSection
	GlobalSection(ExtensibilityGlobals) = postSolution
		SolutionGuid = {CEF0177B-AE47-4CA9-A01C-C8CD98246675}
	EndGlobalSection
EndGlobal
